
Microsoft Visual Studio Solution File, Format Version 12.00
# Visual Studio Version 17
VisualStudioVersion = 17.11.35312.102
MinimumVisualStudioVersion = 10.0.40219.1
Project("{FAE04EC0-301F-11D3-BF4B-00C04F79EFBC}") = "FurnitureProduction", "FurnitureProduction\FurnitureProduction.csproj", "{56F4CA60-DE30-48CC-8F6F-C209F25737A3}"
EndProject
Project("{2150E333-8FDC-42A3-9474-1A3956D46DE8}") = "Элементы решения", "Элементы решения", "{87538AA0-1536-4E7E-BA85-AC8A544A2407}"
EndProject
Global
	GlobalSection(SolutionConfigurationPlatforms) = preSolution
		Debug|Any CPU = Debug|Any CPU
		Release|Any CPU = Release|Any CPU
	EndGlobalSection
	GlobalSection(ProjectConfigurationPlatforms) = postSolution
		{56F4CA60-DE30-48CC-8F6F-C209F25737A3}.Debug|Any CPU.ActiveCfg = Debug|Any CPU
		{56F4CA60-DE30-48CC-8F6F-C209F25737A3}.Debug|Any CPU.Build.0 = Debug|Any CPU
		{56F4CA60-DE30-48CC-8F6F-C209F25737A3}.Release|Any CPU.ActiveCfg = Release|Any CPU
		{56F4CA60-DE30-48CC-8F6F-C209F25737A3}.Release|Any CPU.Build.0 = Release|Any CPU
	EndGlobalSection
	GlobalSection(SolutionProperties) = preSolution
		HideSolutionNode = FALSE
	EndGlobalSection
	GlobalSection(ExtensibilityGlobals) = postSolution
		SolutionGuid = {5FA17A65-79EC-44ED-B6E9-2C48DC5D5F52}
	EndGlobalSection
EndGlobal
